{
    "_meta": {
        "hash": {
            "sha256": "278f8277c21e6b29ed4469475dac6090509a0da74a0407470e3ae36a34e04074"
        },
        "host-environment-markers": {
            "implementation_name": "cpython",
            "implementation_version": "3.6.3",
            "os_name": "posix",
            "platform_machine": "x86_64",
            "platform_python_implementation": "CPython",
            "platform_release": "4.13.0-43-generic",
            "platform_system": "Linux",
            "platform_version": "#48-Ubuntu SMP Wed May 16 12:18:48 UTC 2018",
            "python_full_version": "3.6.3",
            "python_version": "3.6",
            "sys_platform": "linux"
        },
        "pipfile-spec": 6,
        "requires": {
            "python_version": "3.6"
        },
        "sources": [
            {
                "name": "pypi",
                "url": "https://pypi.python.org/simple",
                "verify_ssl": true
            }
        ]
    },
    "default": {
        "pyodbc": {
            "hashes": [
                "sha256:0d16d2ab46092e59014d42293db9ff116a2929eed72cb847f6bd29040f1790ab",
                "sha256:bd74b09592c300af4926da05533eea00e375ab3c9900fd109516bf635a42e346",
                "sha256:d65afdec794d62defafcf5b379805bcaf8d63735f72107cb3590af92ed61436f",
                "sha256:e5ec8522d8fa39abedf2da4b9bf43b65b932c80ec452442df319075ab9fe7bd5",
                "sha256:5f37be47ebe9b8e3244268fdb3b9cfdd119f138be9b7b39814270ce0d7a3aaca",
                "sha256:28451afcee183337f7f07048bedf0d138e74727406e9bb97a27626c85591a8a5",
                "sha256:fc92776ddfb3411b816bc255726343fc4350be8d679efa420a6129ac02927ae7",
                "sha256:4a71b7a65b02585864eee4b87a39a31700854cb55170db7f47ab49ce2ac5a9fe",
                "sha256:bbdedf6882864c2822fa9263d5dda8f3f87189f83158f02ebd77770a930a9ef6",
                "sha256:ad333ea7bafecd75357839d1d186f1c13e6f18c95a857eb1622f8aa480cfb40c",
                "sha256:a8f4fb7adf854584ccb1da872f0625e6464d28c06641cf5ab419f02045e56d84",
                "sha256:275c01335490712564235a94fdbafdba85721337f6a31f649f8cc0f559ac1144",
                "sha256:bb33d032c1f25781db64e2e4fecf77047fab2ddde42a6cd9496e3c66fb8e9f66"
            ],
            "version": "==4.0.23"
        },
        "pysendpulse": {
            "hashes": [
                "sha256:d66def624271421c4c55b44cb79fe2098cd4ca96668306b4e632aad06705d8b1"
            ],
            "version": "==0.0.3"
        },
        "python-dotenv": {
            "hashes": [
                "sha256:4965ed170bf51c347a89820e8050655e9c25db3837db6602e906b6d850fad85c",
                "sha256:509736185257111613009974e666568a1b031b028b61b500ef1ab4ee780089d5"
            ],
            "version": "==0.8.2"
        },
        "python3-memcached": {
            "hashes": [
                "sha256:7cbe5951d68eef69d948b7a7ed7decfbd101e15e7f5be007dcd1219ccc584859"
            ],
            "version": "==1.51"
        }
    },
    "develop": {}
}
